
Microsoft Visual Studio Solution File, Format Version 12.00
# Visual Studio Version 17
VisualStudioVersion = 17.8.34316.72
MinimumVisualStudioVersion = 10.0.40219.1
Project("{FAE04EC0-301F-11D3-BF4B-00C04F79EFBC}") = "POS_Library", "POS_Library\POS_Library.csproj", "{671E0095-5C4E-4A1A-BA19-59E63B7E1671}"
EndProject
Project("{FAE04EC0-301F-11D3-BF4B-00C04F79EFBC}") = "POS_WebAPI", "POS_WebAPI\POS_WebAPI.csproj", "{75DFDFA5-0D9A-45A4-BB4A-A07F3E52951E}"
EndProject
Global
	GlobalSection(SolutionConfigurationPlatforms) = preSolution
		Debug|Any CPU = Debug|Any CPU
		Release|Any CPU = Release|Any CPU
	EndGlobalSection
	GlobalSection(ProjectConfigurationPlatforms) = postSolution
		{671E0095-5C4E-4A1A-BA19-59E63B7E1671}.Debug|Any CPU.ActiveCfg = Debug|Any CPU
		{671E0095-5C4E-4A1A-BA19-59E63B7E1671}.Debug|Any CPU.Build.0 = Debug|Any CPU
		{671E0095-5C4E-4A1A-BA19-59E63B7E1671}.Release|Any CPU.ActiveCfg = Release|Any CPU
		{671E0095-5C4E-4A1A-BA19-59E63B7E1671}.Release|Any CPU.Build.0 = Release|Any CPU
		{75DFDFA5-0D9A-45A4-BB4A-A07F3E52951E}.Debug|Any CPU.ActiveCfg = Debug|Any CPU
		{75DFDFA5-0D9A-45A4-BB4A-A07F3E52951E}.Debug|Any CPU.Build.0 = Debug|Any CPU
		{75DFDFA5-0D9A-45A4-BB4A-A07F3E52951E}.Release|Any CPU.ActiveCfg = Release|Any CPU
		{75DFDFA5-0D9A-45A4-BB4A-A07F3E52951E}.Release|Any CPU.Build.0 = Release|Any CPU
	EndGlobalSection
	GlobalSection(SolutionProperties) = preSolution
		HideSolutionNode = FALSE
	EndGlobalSection
	GlobalSection(ExtensibilityGlobals) = postSolution
		SolutionGuid = {1A5463C4-7EE0-431B-83A8-A36D23646BA5}
	EndGlobalSection
EndGlobal
